
Microsoft Visual Studio Solution File, Format Version 12.00
# Visual Studio Version 17
VisualStudioVersion = 17.14.36811.4 d17.14
MinimumVisualStudioVersion = 10.0.40219.1
Project("{FAE04EC0-301F-11D3-BF4B-00C04F79EFBC}") = "Bus  ticket and service system", "Bus  ticket and service system\Bus  ticket and service system.csproj", "{4F360B6F-0934-4060-A833-3EBE8F6E2FF3}"
EndProject
Global
	GlobalSection(SolutionConfigurationPlatforms) = preSolution
		Debug|Any CPU = Debug|Any CPU
		Release|Any CPU = Release|Any CPU
	EndGlobalSection
	GlobalSection(ProjectConfigurationPlatforms) = postSolution
		{4F360B6F-0934-4060-A833-3EBE8F6E2FF3}.Debug|Any CPU.ActiveCfg = Debug|Any CPU
		{4F360B6F-0934-4060-A833-3EBE8F6E2FF3}.Debug|Any CPU.Build.0 = Debug|Any CPU
		{4F360B6F-0934-4060-A833-3EBE8F6E2FF3}.Release|Any CPU.ActiveCfg = Release|Any CPU
		{4F360B6F-0934-4060-A833-3EBE8F6E2FF3}.Release|Any CPU.Build.0 = Release|Any CPU
	EndGlobalSection
	GlobalSection(SolutionProperties) = preSolution
		HideSolutionNode = FALSE
	EndGlobalSection
	GlobalSection(ExtensibilityGlobals) = postSolution
		SolutionGuid = {6F93178A-786D-43A4-A171-B39802BD43F6}
	EndGlobalSection
EndGlobal
